{
  "markbot": "7df9cad9d85555b50c0f84d143d892c42a73d17c7c53f97e5c3d222c66cc1d59",
  "markbotignore": "030a4e6e1b3b6b510514a7ae54576e2c2ef762d56236c6414ef634955d96a126",
  "index-320.png": "590cbc11b3937af638c006cc96297623d14761e54acc593f57c61ff073c49164",
  "index-400.png": "33dcc9d49f03a4195f5b1bc8763c119df465589129b6abf9a507918c3258762c",
  "index-608.png": "08bed5b0763e5b3c6ed25398477a212d957ddace82cf5ccc3d6401ab7c91a141",
  "index-960.png": "af7625b1392d1f0feb4bd0cded02def06ec247463a3aef3d985ef8400b27e1bf",
  "index-1440.png": "1551c8637baea7b7455be9ca7784e773f6b85e16e14e679290b0ff31c63f424e"
}