{
  "markbot": "7df9cad9d85555b50c0f84d143d892c42a73d17c7c53f97e5c3d222c66cc1d59",
  "markbotignore": "030a4e6e1b3b6b510514a7ae54576e2c2ef762d56236c6414ef634955d96a126",
  "index-320.png": "d99ac54e728abca12ceb257cbe6d453dd75bbc43612f5341f214837d521d8918",
  "index-400.png": "f101b64bfc6febab2b1df44e404983d8dadb04d966eae6d304d12ee2c50202a8",
  "index-608.png": "4dffcb621f001c4774419cb1969b4952b968dfc648d43f7772ac51e0c0dbf1a5",
  "index-960.png": "0922350d54812b1b536cf6b662259f89713a8ecb00c21f79fe4cc1c3788c3b07",
  "index-1440.png": "efbdb4070e5836df2ade66b897649e5dc91ffcd8de8da5ade01a81f48dd5015b"
}